
Microsoft Visual Studio Solution File, Format Version 12.00
# Visual Studio Version 17
VisualStudioVersion = 17.0.31903.59
MinimumVisualStudioVersion = 10.0.40219.1
Project("{FAE04EC0-301F-11D3-BF4B-00C04F79EFBC}") = "BackendKit", "BackendKit.csproj", "{D3BF78ED-59AB-41E7-A0FC-9D5C33783E76}"
EndProject
Project("{FAE04EC0-301F-11D3-BF4B-00C04F79EFBC}") = "BackendKit.test", "BackendKit.test.csproj", "{A3BB15BC-2024-4783-B809-45E571223969}"
EndProject
Global
	GlobalSection(SolutionConfigurationPlatforms) = preSolution
		Debug|Any CPU = Debug|Any CPU
		Release|Any CPU = Release|Any CPU
	EndGlobalSection
	GlobalSection(SolutionProperties) = preSolution
		HideSolutionNode = FALSE
	EndGlobalSection
	GlobalSection(ProjectConfigurationPlatforms) = postSolution
		{D3BF78ED-59AB-41E7-A0FC-9D5C33783E76}.Debug|Any CPU.ActiveCfg = Debug|Any CPU
		{D3BF78ED-59AB-41E7-A0FC-9D5C33783E76}.Debug|Any CPU.Build.0 = Debug|Any CPU
		{D3BF78ED-59AB-41E7-A0FC-9D5C33783E76}.Release|Any CPU.ActiveCfg = Release|Any CPU
		{D3BF78ED-59AB-41E7-A0FC-9D5C33783E76}.Release|Any CPU.Build.0 = Release|Any CPU
		{A3BB15BC-2024-4783-B809-45E571223969}.Debug|Any CPU.ActiveCfg = Debug|Any CPU
		{A3BB15BC-2024-4783-B809-45E571223969}.Debug|Any CPU.Build.0 = Debug|Any CPU
		{A3BB15BC-2024-4783-B809-45E571223969}.Release|Any CPU.ActiveCfg = Release|Any CPU
		{A3BB15BC-2024-4783-B809-45E571223969}.Release|Any CPU.Build.0 = Release|Any CPU
	EndGlobalSection
EndGlobal
